
Microsoft Visual Studio Solution File, Format Version 12.00
# Visual Studio Version 17
VisualStudioVersion = 17.14.36212.18 d17.14
MinimumVisualStudioVersion = 10.0.40219.1
Project("{FAE04EC0-301F-11D3-BF4B-00C04F79EFBC}") = "DoAnCNPM", "DoAnCNPM\DoAnCNPM.csproj", "{68210698-83F7-4F36-8DE2-5B765547658D}"
EndProject
Global
	GlobalSection(SolutionConfigurationPlatforms) = preSolution
		Debug|Any CPU = Debug|Any CPU
		Release|Any CPU = Release|Any CPU
	EndGlobalSection
	GlobalSection(ProjectConfigurationPlatforms) = postSolution
		{68210698-83F7-4F36-8DE2-5B765547658D}.Debug|Any CPU.ActiveCfg = Debug|Any CPU
		{68210698-83F7-4F36-8DE2-5B765547658D}.Debug|Any CPU.Build.0 = Debug|Any CPU
		{68210698-83F7-4F36-8DE2-5B765547658D}.Release|Any CPU.ActiveCfg = Release|Any CPU
		{68210698-83F7-4F36-8DE2-5B765547658D}.Release|Any CPU.Build.0 = Release|Any CPU
	EndGlobalSection
	GlobalSection(SolutionProperties) = preSolution
		HideSolutionNode = FALSE
	EndGlobalSection
	GlobalSection(ExtensibilityGlobals) = postSolution
		SolutionGuid = {8B4491A1-5D72-49D2-9188-B3B432E04FD0}
	EndGlobalSection
EndGlobal
